// !$*UTF8*$!
{
	archiveVersion = 1;
	classes = {
	};
	objectVersion = 56;
	objects = {

/* Begin PBXBuildFile section */
		3602A4222BBEAC7800361279 /* HomeView.swift in Sources */ = {isa = PBXBuildFile; fileRef = 3602A4212BBEAC7800361279 /* HomeView.swift */; };
		3605CCB92BC97882000DB495 /* ViewState.swift in Sources */ = {isa = PBXBuildFile; fileRef = 3605CCB82BC97882000DB495 /* ViewState.swift */; };
		361315EE2BC7C70400537975 /* TVTrendingResults.swift in Sources */ = {isa = PBXBuildFile; fileRef = 361315ED2BC7C70400537975 /* TVTrendingResults.swift */; };
		3661492E2BC0597C00227EB3 /* UIColor+.swift in Sources */ = {isa = PBXBuildFile; fileRef = 3661492D2BC0597C00227EB3 /* UIColor+.swift */; };
		367055302BC425720009D7A3 /* HomeViewModel.swift in Sources */ = {isa = PBXBuildFile; fileRef = 3670552F2BC425720009D7A3 /* HomeViewModel.swift */; };
		367055332BC4263F0009D7A3 /* MovieTrendingResults.swift in Sources */ = {isa = PBXBuildFile; fileRef = 367055322BC4263F0009D7A3 /* MovieTrendingResults.swift */; };
		36738FC72BBDE66900927479 /* Netflix_CloneApp.swift in Sources */ = {isa = PBXBuildFile; fileRef = 36738FC62BBDE66900927479 /* Netflix_CloneApp.swift */; };
		36738FC92BBDE66900927479 /* TabBarView.swift in Sources */ = {isa = PBXBuildFile; fileRef = 36738FC82BBDE66900927479 /* TabBarView.swift */; };
		36738FCB2BBDE66C00927479 /* Assets.xcassets in Resources */ = {isa = PBXBuildFile; fileRef = 36738FCA2BBDE66C00927479 /* Assets.xcassets */; };
		36738FCE2BBDE66C00927479 /* Preview Assets.xcassets in Resources */ = {isa = PBXBuildFile; fileRef = 36738FCD2BBDE66C00927479 /* Preview Assets.xcassets */; };
		36738FD62BBDECC300927479 /* LaunchScreen.storyboard in Resources */ = {isa = PBXBuildFile; fileRef = 36738FD52BBDECC300927479 /* LaunchScreen.storyboard */; };
		36A6E87A2BCD716A00D386D6 /* DetailView.swift in Sources */ = {isa = PBXBuildFile; fileRef = 36A6E8792BCD716A00D386D6 /* DetailView.swift */; };
		36FFE5D42BCDB6C8000E3006 /* MediaType.swift in Sources */ = {isa = PBXBuildFile; fileRef = 36FFE5D32BCDB6C8000E3006 /* MediaType.swift */; };
		36FFE5D72BCDB8F2000E3006 /* MediaCard.swift in Sources */ = {isa = PBXBuildFile; fileRef = 36FFE5D62BCDB8F2000E3006 /* MediaCard.swift */; };
/* End PBXBuildFile section */

/* Begin PBXFileReference section */
		3602A4212BBEAC7800361279 /* HomeView.swift */ = {isa = PBXFileReference; lastKnownFileType = sourcecode.swift; path = HomeView.swift; sourceTree = "<group>"; };
		3605CCB82BC97882000DB495 /* ViewState.swift */ = {isa = PBXFileReference; lastKnownFileType = sourcecode.swift; path = ViewState.swift; sourceTree = "<group>"; };
		361315ED2BC7C70400537975 /* TVTrendingResults.swift */ = {isa = PBXFileReference; lastKnownFileType = sourcecode.swift; path = TVTrendingResults.swift; sourceTree = "<group>"; };
		3661492D2BC0597C00227EB3 /* UIColor+.swift */ = {isa = PBXFileReference; lastKnownFileType = sourcecode.swift; path = "UIColor+.swift"; sourceTree = "<group>"; };
		3670552F2BC425720009D7A3 /* HomeViewModel.swift */ = {isa = PBXFileReference; lastKnownFileType = sourcecode.swift; path = HomeViewModel.swift; sourceTree = "<group>"; };
		367055322BC4263F0009D7A3 /* MovieTrendingResults.swift */ = {isa = PBXFileReference; lastKnownFileType = sourcecode.swift; path = MovieTrendingResults.swift; sourceTree = "<group>"; };
		36738FC32BBDE66900927479 /* Netflix Clone.app */ = {isa = PBXFileReference; explicitFileType = wrapper.application; includeInIndex = 0; path = "Netflix Clone.app"; sourceTree = BUILT_PRODUCTS_DIR; };
		36738FC62BBDE66900927479 /* Netflix_CloneApp.swift */ = {isa = PBXFileReference; lastKnownFileType = sourcecode.swift; path = Netflix_CloneApp.swift; sourceTree = "<group>"; };
		36738FC82BBDE66900927479 /* TabBarView.swift */ = {isa = PBXFileReference; lastKnownFileType = sourcecode.swift; path = TabBarView.swift; sourceTree = "<group>"; };
		36738FCA2BBDE66C00927479 /* Assets.xcassets */ = {isa = PBXFileReference; lastKnownFileType = folder.assetcatalog; path = Assets.xcassets; sourceTree = "<group>"; };
		36738FCD2BBDE66C00927479 /* Preview Assets.xcassets */ = {isa = PBXFileReference; lastKnownFileType = folder.assetcatalog; path = "Preview Assets.xcassets"; sourceTree = "<group>"; };
		36738FD52BBDECC300927479 /* LaunchScreen.storyboard */ = {isa = PBXFileReference; lastKnownFileType = file.storyboard; path = LaunchScreen.storyboard; sourceTree = "<group>"; };
		36A6E8792BCD716A00D386D6 /* DetailView.swift */ = {isa = PBXFileReference; lastKnownFileType = sourcecode.swift; path = DetailView.swift; sourceTree = "<group>"; };
		36FFE5D32BCDB6C8000E3006 /* MediaType.swift */ = {isa = PBXFileReference; lastKnownFileType = sourcecode.swift; path = MediaType.swift; sourceTree = "<group>"; };
		36FFE5D62BCDB8F2000E3006 /* MediaCard.swift */ = {isa = PBXFileReference; lastKnownFileType = sourcecode.swift; path = MediaCard.swift; sourceTree = "<group>"; };
/* End PBXFileReference section */

/* Begin PBXFrameworksBuildPhase section */
		36738FC02BBDE66900927479 /* Frameworks */ = {
			isa = PBXFrameworksBuildPhase;
			buildActionMask = 2147483647;
			files = (
			);
			runOnlyForDeploymentPostprocessing = 0;
		};
/* End PBXFrameworksBuildPhase section */

/* Begin PBXGroup section */
		3602A41F2BBEAC4C00361279 /* TabBar */ = {
			isa = PBXGroup;
			children = (
				36738FC82BBDE66900927479 /* TabBarView.swift */,
			);
			path = TabBar;
			sourceTree = "<group>";
		};
		3602A4202BBEAC6900361279 /* Home */ = {
			isa = PBXGroup;
			children = (
				3602A4212BBEAC7800361279 /* HomeView.swift */,
				3670552F2BC425720009D7A3 /* HomeViewModel.swift */,
			);
			path = Home;
			sourceTree = "<group>";
		};
		3661492F2BC0598300227EB3 /* Extensions */ = {
			isa = PBXGroup;
			children = (
				3661492D2BC0597C00227EB3 /* UIColor+.swift */,
			);
			path = Extensions;
			sourceTree = "<group>";
		};
		367055312BC426180009D7A3 /* Entities */ = {
			isa = PBXGroup;
			children = (
				36FFE5D32BCDB6C8000E3006 /* MediaType.swift */,
				367055322BC4263F0009D7A3 /* MovieTrendingResults.swift */,
				361315ED2BC7C70400537975 /* TVTrendingResults.swift */,
			);
			path = Entities;
			sourceTree = "<group>";
		};
		36738FBA2BBDE66900927479 = {
			isa = PBXGroup;
			children = (
				36738FC52BBDE66900927479 /* Netflix Clone */,
				36738FC42BBDE66900927479 /* Products */,
			);
			sourceTree = "<group>";
		};
		36738FC42BBDE66900927479 /* Products */ = {
			isa = PBXGroup;
			children = (
				36738FC32BBDE66900927479 /* Netflix Clone.app */,
			);
			name = Products;
			sourceTree = "<group>";
		};
		36738FC52BBDE66900927479 /* Netflix Clone */ = {
			isa = PBXGroup;
			children = (
				3605CCB82BC97882000DB495 /* ViewState.swift */,
				367055312BC426180009D7A3 /* Entities */,
				3661492F2BC0598300227EB3 /* Extensions */,
				3602A41F2BBEAC4C00361279 /* TabBar */,
				3602A4202BBEAC6900361279 /* Home */,
				36A6E8782BCD714B00D386D6 /* DetailPage */,
				36FFE5D52BCDB8C9000E3006 /* SharedComponents */,
				36738FD42BBDECB100927479 /* Launch Screen */,
				36738FC62BBDE66900927479 /* Netflix_CloneApp.swift */,
				36738FCA2BBDE66C00927479 /* Assets.xcassets */,
				36738FCC2BBDE66C00927479 /* Preview Content */,
			);
			path = "Netflix Clone";
			sourceTree = "<group>";
		};
		36738FCC2BBDE66C00927479 /* Preview Content */ = {
			isa = PBXGroup;
			children = (
				36738FCD2BBDE66C00927479 /* Preview Assets.xcassets */,
			);
			path = "Preview Content";
			sourceTree = "<group>";
		};
		36738FD42BBDECB100927479 /* Launch Screen */ = {
			isa = PBXGroup;
			children = (
				36738FD52BBDECC300927479 /* LaunchScreen.storyboard */,
			);
			path = "Launch Screen";
			sourceTree = "<group>";
		};
		36A6E8782BCD714B00D386D6 /* DetailPage */ = {
			isa = PBXGroup;
			children = (
				36A6E8792BCD716A00D386D6 /* DetailView.swift */,
			);
			path = DetailPage;
			sourceTree = "<group>";
		};
		36FFE5D52BCDB8C9000E3006 /* SharedComponents */ = {
			isa = PBXGroup;
			children = (
				36FFE5D62BCDB8F2000E3006 /* MediaCard.swift */,
			);
			path = SharedComponents;
			sourceTree = "<group>";
		};
/* End PBXGroup section */

/* Begin PBXNativeTarget section */
		36738FC22BBDE66900927479 /* Netflix Clone */ = {
			isa = PBXNativeTarget;
			buildConfigurationList = 36738FD12BBDE66C00927479 /* Build configuration list for PBXNativeTarget "Netflix Clone" */;
			buildPhases = (
				36738FBF2BBDE66900927479 /* Sources */,
				36738FC02BBDE66900927479 /* Frameworks */,
				36738FC12BBDE66900927479 /* Resources */,
			);
			buildRules = (
			);
			dependencies = (
			);
			name = "Netflix Clone";
			productName = "Netflix Clone";
			productReference = 36738FC32BBDE66900927479 /* Netflix Clone.app */;
			productType = "com.apple.product-type.application";
		};
/* End PBXNativeTarget section */

/* Begin PBXProject section */
		36738FBB2BBDE66900927479 /* Project object */ = {
			isa = PBXProject;
			attributes = {
				BuildIndependentTargetsInParallel = 1;
				LastSwiftUpdateCheck = 1500;
				LastUpgradeCheck = 1500;
				TargetAttributes = {
					36738FC22BBDE66900927479 = {
						CreatedOnToolsVersion = 15.0;
					};
				};
			};
			buildConfigurationList = 36738FBE2BBDE66900927479 /* Build configuration list for PBXProject "Netflix Clone" */;
			compatibilityVersion = "Xcode 14.0";
			developmentRegion = en;
			hasScannedForEncodings = 0;
			knownRegions = (
				en,
				Base,
			);
			mainGroup = 36738FBA2BBDE66900927479;
			productRefGroup = 36738FC42BBDE66900927479 /* Products */;
			projectDirPath = "";
			projectRoot = "";
			targets = (
				36738FC22BBDE66900927479 /* Netflix Clone */,
			);
		};
/* End PBXProject section */

/* Begin PBXResourcesBuildPhase section */
		36738FC12BBDE66900927479 /* Resources */ = {
			isa = PBXResourcesBuildPhase;
			buildActionMask = 2147483647;
			files = (
				36738FD62BBDECC300927479 /* LaunchScreen.storyboard in Resources */,
				36738FCE2BBDE66C00927479 /* Preview Assets.xcassets in Resources */,
				36738FCB2BBDE66C00927479 /* Assets.xcassets in Resources */,
			);
			runOnlyForDeploymentPostprocessing = 0;
		};
/* End PBXResourcesBuildPhase section */

/* Begin PBXSourcesBuildPhase section */
		36738FBF2BBDE66900927479 /* Sources */ = {
			isa = PBXSourcesBuildPhase;
			buildActionMask = 2147483647;
			files = (
				36FFE5D42BCDB6C8000E3006 /* MediaType.swift in Sources */,
				3602A4222BBEAC7800361279 /* HomeView.swift in Sources */,
				36A6E87A2BCD716A00D386D6 /* DetailView.swift in Sources */,
				3661492E2BC0597C00227EB3 /* UIColor+.swift in Sources */,
				36738FC92BBDE66900927479 /* TabBarView.swift in Sources */,
				361315EE2BC7C70400537975 /* TVTrendingResults.swift in Sources */,
				367055302BC425720009D7A3 /* HomeViewModel.swift in Sources */,
				36738FC72BBDE66900927479 /* Netflix_CloneApp.swift in Sources */,
				3605CCB92BC97882000DB495 /* ViewState.swift in Sources */,
				36FFE5D72BCDB8F2000E3006 /* MediaCard.swift in Sources */,
				367055332BC4263F0009D7A3 /* MovieTrendingResults.swift in Sources */,
			);
			runOnlyForDeploymentPostprocessing = 0;
		};
/* End PBXSourcesBuildPhase section */

/* Begin XCBuildConfiguration section */
		36738FCF2BBDE66C00927479 /* Debug */ = {
			isa = XCBuildConfiguration;
			buildSettings = {
				ALWAYS_SEARCH_USER_PATHS = NO;
				ASSETCATALOG_COMPILER_GENERATE_SWIFT_ASSET_SYMBOL_EXTENSIONS = YES;
				CLANG_ANALYZER_NONNULL = YES;
				CLANG_ANALYZER_NUMBER_OBJECT_CONVERSION = YES_AGGRESSIVE;
				CLANG_CXX_LANGUAGE_STANDARD = "gnu++20";
				CLANG_ENABLE_MODULES = YES;
				CLANG_ENABLE_OBJC_ARC = YES;
				CLANG_ENABLE_OBJC_WEAK = YES;
				CLANG_WARN_BLOCK_CAPTURE_AUTORELEASING = YES;
				CLANG_WARN_BOOL_CONVERSION = YES;
				CLANG_WARN_COMMA = YES;
				CLANG_WARN_CONSTANT_CONVERSION = YES;
				CLANG_WARN_DEPRECATED_OBJC_IMPLEMENTATIONS = YES;
				CLANG_WARN_DIRECT_OBJC_ISA_USAGE = YES_ERROR;
				CLANG_WARN_DOCUMENTATION_COMMENTS = YES;
				CLANG_WARN_EMPTY_BODY = YES;
				CLANG_WARN_ENUM_CONVERSION = YES;
				CLANG_WARN_INFINITE_RECURSION = YES;
				CLANG_WARN_INT_CONVERSION = YES;
				CLANG_WARN_NON_LITERAL_NULL_CONVERSION = YES;
				CLANG_WARN_OBJC_IMPLICIT_RETAIN_SELF = YES;
				CLANG_WARN_OBJC_LITERAL_CONVERSION = YES;
				CLANG_WARN_OBJC_ROOT_CLASS = YES_ERROR;
				CLANG_WARN_QUOTED_INCLUDE_IN_FRAMEWORK_HEADER = YES;
				CLANG_WARN_RANGE_LOOP_ANALYSIS = YES;
				CLANG_WARN_STRICT_PROTOTYPES = YES;
				CLANG_WARN_SUSPICIOUS_MOVE = YES;
				CLANG_WARN_UNGUARDED_AVAILABILITY = YES_AGGRESSIVE;
				CLANG_WARN_UNREACHABLE_CODE = YES;
				CLANG_WARN__DUPLICATE_METHOD_MATCH = YES;
				COPY_PHASE_STRIP = NO;
				DEBUG_INFORMATION_FORMAT = dwarf;
				ENABLE_STRICT_OBJC_MSGSEND = YES;
				ENABLE_TESTABILITY = YES;
				ENABLE_USER_SCRIPT_SANDBOXING = YES;
				GCC_C_LANGUAGE_STANDARD = gnu17;
				GCC_DYNAMIC_NO_PIC = NO;
				GCC_NO_COMMON_BLOCKS = YES;
				GCC_OPTIMIZATION_LEVEL = 0;
				GCC_PREPROCESSOR_DEFINITIONS = (
					"DEBUG=1",
					"$(inherited)",
				);
				GCC_WARN_64_TO_32_BIT_CONVERSION = YES;
				GCC_WARN_ABOUT_RETURN_TYPE = YES_ERROR;
				GCC_WARN_UNDECLARED_SELECTOR = YES;
				GCC_WARN_UNINITIALIZED_AUTOS = YES_AGGRESSIVE;
				GCC_WARN_UNUSED_FUNCTION = YES;
				GCC_WARN_UNUSED_VARIABLE = YES;
				IPHONEOS_DEPLOYMENT_TARGET = 17.0;
				LOCALIZATION_PREFERS_STRING_CATALOGS = YES;
				MTL_ENABLE_DEBUG_INFO = INCLUDE_SOURCE;
				MTL_FAST_MATH = YES;
				ONLY_ACTIVE_ARCH = YES;
				SDKROOT = iphoneos;
				SWIFT_ACTIVE_COMPILATION_CONDITIONS = "DEBUG $(inherited)";
				SWIFT_OPTIMIZATION_LEVEL = "-Onone";
			};
			name = Debug;
		};
		36738FD02BBDE66C00927479 /* Release */ = {
			isa = XCBuildConfiguration;
			buildSettings = {
				ALWAYS_SEARCH_USER_PATHS = NO;
				ASSETCATALOG_COMPILER_GENERATE_SWIFT_ASSET_SYMBOL_EXTENSIONS = YES;
				CLANG_ANALYZER_NONNULL = YES;
				CLANG_ANALYZER_NUMBER_OBJECT_CONVERSION = YES_AGGRESSIVE;
				CLANG_CXX_LANGUAGE_STANDARD = "gnu++20";
				CLANG_ENABLE_MODULES = YES;
				CLANG_ENABLE_OBJC_ARC = YES;
				CLANG_ENABLE_OBJC_WEAK = YES;
				CLANG_WARN_BLOCK_CAPTURE_AUTORELEASING = YES;
				CLANG_WARN_BOOL_CONVERSION = YES;
				CLANG_WARN_COMMA = YES;
				CLANG_WARN_CONSTANT_CONVERSION = YES;
				CLANG_WARN_DEPRECATED_OBJC_IMPLEMENTATIONS = YES;
				CLANG_WARN_DIRECT_OBJC_ISA_USAGE = YES_ERROR;
				CLANG_WARN_DOCUMENTATION_COMMENTS = YES;
				CLANG_WARN_EMPTY_BODY = YES;
				CLANG_WARN_ENUM_CONVERSION = YES;
				CLANG_WARN_INFINITE_RECURSION = YES;
				CLANG_WARN_INT_CONVERSION = YES;
				CLANG_WARN_NON_LITERAL_NULL_CONVERSION = YES;
				CLANG_WARN_OBJC_IMPLICIT_RETAIN_SELF = YES;
				CLANG_WARN_OBJC_LITERAL_CONVERSION = YES;
				CLANG_WARN_OBJC_ROOT_CLASS = YES_ERROR;
				CLANG_WARN_QUOTED_INCLUDE_IN_FRAMEWORK_HEADER = YES;
				CLANG_WARN_RANGE_LOOP_ANALYSIS = YES;
				CLANG_WARN_STRICT_PROTOTYPES = YES;
				CLANG_WARN_SUSPICIOUS_MOVE = YES;
				CLANG_WARN_UNGUARDED_AVAILABILITY = YES_AGGRESSIVE;
				CLANG_WARN_UNREACHABLE_CODE = YES;
				CLANG_WARN__DUPLICATE_METHOD_MATCH = YES;
				COPY_PHASE_STRIP = NO;
				DEBUG_INFORMATION_FORMAT = "dwarf-with-dsym";
				ENABLE_NS_ASSERTIONS = NO;
				ENABLE_STRICT_OBJC_MSGSEND = YES;
				ENABLE_USER_SCRIPT_SANDBOXING = YES;
				GCC_C_LANGUAGE_STANDARD = gnu17;
				GCC_NO_COMMON_BLOCKS = YES;
				GCC_WARN_64_TO_32_BIT_CONVERSION = YES;
				GCC_WARN_ABOUT_RETURN_TYPE = YES_ERROR;
				GCC_WARN_UNDECLARED_SELECTOR = YES;
				GCC_WARN_UNINITIALIZED_AUTOS = YES_AGGRESSIVE;
				GCC_WARN_UNUSED_FUNCTION = YES;
				GCC_WARN_UNUSED_VARIABLE = YES;
				IPHONEOS_DEPLOYMENT_TARGET = 17.0;
				LOCALIZATION_PREFERS_STRING_CATALOGS = YES;
				MTL_ENABLE_DEBUG_INFO = NO;
				MTL_FAST_MATH = YES;
				SDKROOT = iphoneos;
				SWIFT_COMPILATION_MODE = wholemodule;
				VALIDATE_PRODUCT = YES;
			};
			name = Release;
		};
		36738FD22BBDE66C00927479 /* Debug */ = {
			isa = XCBuildConfiguration;
			buildSettings = {
				ASSETCATALOG_COMPILER_APPICON_NAME = AppIcon;
				ASSETCATALOG_COMPILER_GLOBAL_ACCENT_COLOR_NAME = AccentColor;
				CODE_SIGN_STYLE = Automatic;
				CURRENT_PROJECT_VERSION = 1;
				DEVELOPMENT_ASSET_PATHS = "\"Netflix Clone/Preview Content\"";
				DEVELOPMENT_TEAM = 67M4DZVV4D;
				ENABLE_PREVIEWS = YES;
				GENERATE_INFOPLIST_FILE = YES;
				INFOPLIST_KEY_UIApplicationSceneManifest_Generation = YES;
				INFOPLIST_KEY_UIApplicationSupportsIndirectInputEvents = YES;
				INFOPLIST_KEY_UILaunchScreen_Generation = YES;
				INFOPLIST_KEY_UILaunchStoryboardName = LaunchScreen.storyboard;
				INFOPLIST_KEY_UISupportedInterfaceOrientations_iPad = "UIInterfaceOrientationPortrait UIInterfaceOrientationPortraitUpsideDown UIInterfaceOrientationLandscapeLeft UIInterfaceOrientationLandscapeRight";
				INFOPLIST_KEY_UISupportedInterfaceOrientations_iPhone = "UIInterfaceOrientationPortrait UIInterfaceOrientationLandscapeLeft UIInterfaceOrientationLandscapeRight";
				LD_RUNPATH_SEARCH_PATHS = (
					"$(inherited)",
					"@executable_path/Frameworks",
				);
				MARKETING_VERSION = 1.0;
				PRODUCT_BUNDLE_IDENTIFIER = "com.example.Netflix-Clone";
				PRODUCT_NAME = "$(TARGET_NAME)";
				SWIFT_EMIT_LOC_STRINGS = YES;
				SWIFT_VERSION = 5.0;
				TARGETED_DEVICE_FAMILY = "1,2";
			};
			name = Debug;
		};
		36738FD32BBDE66C00927479 /* Release */ = {
			isa = XCBuildConfiguration;
			buildSettings = {
				ASSETCATALOG_COMPILER_APPICON_NAME = AppIcon;
				ASSETCATALOG_COMPILER_GLOBAL_ACCENT_COLOR_NAME = AccentColor;
				CODE_SIGN_STYLE = Automatic;
				CURRENT_PROJECT_VERSION = 1;
				DEVELOPMENT_ASSET_PATHS = "\"Netflix Clone/Preview Content\"";
				DEVELOPMENT_TEAM = 67M4DZVV4D;
				ENABLE_PREVIEWS = YES;
				GENERATE_INFOPLIST_FILE = YES;
				INFOPLIST_KEY_UIApplicationSceneManifest_Generation = YES;
				INFOPLIST_KEY_UIApplicationSupportsIndirectInputEvents = YES;
				INFOPLIST_KEY_UILaunchScreen_Generation = YES;
				INFOPLIST_KEY_UILaunchStoryboardName = LaunchScreen.storyboard;
				INFOPLIST_KEY_UISupportedInterfaceOrientations_iPad = "UIInterfaceOrientationPortrait UIInterfaceOrientationPortraitUpsideDown UIInterfaceOrientationLandscapeLeft UIInterfaceOrientationLandscapeRight";
				INFOPLIST_KEY_UISupportedInterfaceOrientations_iPhone = "UIInterfaceOrientationPortrait UIInterfaceOrientationLandscapeLeft UIInterfaceOrientationLandscapeRight";
				LD_RUNPATH_SEARCH_PATHS = (
					"$(inherited)",
					"@executable_path/Frameworks",
				);
				MARKETING_VERSION = 1.0;
				PRODUCT_BUNDLE_IDENTIFIER = "com.example.Netflix-Clone";
				PRODUCT_NAME = "$(TARGET_NAME)";
				SWIFT_EMIT_LOC_STRINGS = YES;
				SWIFT_VERSION = 5.0;
				TARGETED_DEVICE_FAMILY = "1,2";
			};
			name = Release;
		};
/* End XCBuildConfiguration section */

/* Begin XCConfigurationList section */
		36738FBE2BBDE66900927479 /* Build configuration list for PBXProject "Netflix Clone" */ = {
			isa = XCConfigurationList;
			buildConfigurations = (
				36738FCF2BBDE66C00927479 /* Debug */,
				36738FD02BBDE66C00927479 /* Release */,
			);
			defaultConfigurationIsVisible = 0;
			defaultConfigurationName = Release;
		};
		36738FD12BBDE66C00927479 /* Build configuration list for PBXNativeTarget "Netflix Clone" */ = {
			isa = XCConfigurationList;
			buildConfigurations = (
				36738FD22BBDE66C00927479 /* Debug */,
				36738FD32BBDE66C00927479 /* Release */,
			);
			defaultConfigurationIsVisible = 0;
			defaultConfigurationName = Release;
		};
/* End XCConfigurationList section */
	};
	rootObject = 36738FBB2BBDE66900927479 /* Project object */;
}
